// !$*UTF8*$!
{
	archiveVersion = 1;
	classes = {
	};
	objectVersion = 51;
	objects = {

/* Begin PBXBuildFile section */
		041CB1E0246E79E400D09B58 /* ContactListViewController.m in Sources */ = {isa = PBXBuildFile; fileRef = 041CB1DF246E79E400D09B58 /* ContactListViewController.m */; };
		041CB1E1246E79E400D09B58 /* ContactListViewController.m in Sources */ = {isa = PBXBuildFile; fileRef = 041CB1DF246E79E400D09B58 /* ContactListViewController.m */; };
		041CB1E8246E79FD00D09B58 /* ChatBoxViewController.m in Sources */ = {isa = PBXBuildFile; fileRef = 041CB1E7246E79FD00D09B58 /* ChatBoxViewController.m */; };
		041CB1E9246E79FD00D09B58 /* ChatBoxViewController.m in Sources */ = {isa = PBXBuildFile; fileRef = 041CB1E7246E79FD00D09B58 /* ChatBoxViewController.m */; };
		041CB1F8246E8D3800D09B58 /* Contact.m in Sources */ = {isa = PBXBuildFile; fileRef = 041CB1F6246E8D3800D09B58 /* Contact.m */; };
		041CB1F9246E8D3800D09B58 /* Contact.m in Sources */ = {isa = PBXBuildFile; fileRef = 041CB1F6246E8D3800D09B58 /* Contact.m */; };
		041CB200246E8ED600D09B58 /* ContactAdapter.m in Sources */ = {isa = PBXBuildFile; fileRef = 041CB1FF246E8ED600D09B58 /* ContactAdapter.m */; };
		041CB201246E8ED600D09B58 /* ContactAdapter.m in Sources */ = {isa = PBXBuildFile; fileRef = 041CB1FF246E8ED600D09B58 /* ContactAdapter.m */; };
		041CB203246E8F0000D09B58 /* Contacts.framework in Frameworks */ = {isa = PBXBuildFile; fileRef = 041CB202246E8F0000D09B58 /* Contacts.framework */; };
		041CB209246E8FD100D09B58 /* StringHelper.m in Sources */ = {isa = PBXBuildFile; fileRef = 041CB208246E8FD100D09B58 /* StringHelper.m */; };
		041CB20A246E8FD100D09B58 /* StringHelper.m in Sources */ = {isa = PBXBuildFile; fileRef = 041CB208246E8FD100D09B58 /* StringHelper.m */; };
		041CB20D246E904C00D09B58 /* ContactBusiness.m in Sources */ = {isa = PBXBuildFile; fileRef = 041CB20C246E904C00D09B58 /* ContactBusiness.m */; };
		041CB20E246E904C00D09B58 /* ContactBusiness.m in Sources */ = {isa = PBXBuildFile; fileRef = 041CB20C246E904C00D09B58 /* ContactBusiness.m */; };
		041CB212246E90EA00D09B58 /* ContactTableCellNode.m in Sources */ = {isa = PBXBuildFile; fileRef = 041CB211246E90EA00D09B58 /* ContactTableCellNode.m */; };
		041CB213246E90EA00D09B58 /* ContactTableCellNode.m in Sources */ = {isa = PBXBuildFile; fileRef = 041CB211246E90EA00D09B58 /* ContactTableCellNode.m */; };
		041CB218246E917900D09B58 /* ContactTableViewModel.m in Sources */ = {isa = PBXBuildFile; fileRef = 041CB217246E917900D09B58 /* ContactTableViewModel.m */; };
		041CB219246E917900D09B58 /* ContactTableViewModel.m in Sources */ = {isa = PBXBuildFile; fileRef = 041CB217246E917900D09B58 /* ContactTableViewModel.m */; };
		041CB21C246E925C00D09B58 /* UIImage+Additions.m in Sources */ = {isa = PBXBuildFile; fileRef = 041CB21B246E925C00D09B58 /* UIImage+Additions.m */; };
		041CB21D246E925C00D09B58 /* UIImage+Additions.m in Sources */ = {isa = PBXBuildFile; fileRef = 041CB21B246E925C00D09B58 /* UIImage+Additions.m */; };
		041CB220246E96E400D09B58 /* ContactTableNode.m in Sources */ = {isa = PBXBuildFile; fileRef = 041CB21F246E96E400D09B58 /* ContactTableNode.m */; };
		041CB221246E96E400D09B58 /* ContactTableNode.m in Sources */ = {isa = PBXBuildFile; fileRef = 041CB21F246E96E400D09B58 /* ContactTableNode.m */; };
		0426C36D246E75940090E1EC /* AppDelegate.m in Sources */ = {isa = PBXBuildFile; fileRef = 0426C36C246E75940090E1EC /* AppDelegate.m */; };
		0426C370246E75940090E1EC /* SceneDelegate.m in Sources */ = {isa = PBXBuildFile; fileRef = 0426C36F246E75940090E1EC /* SceneDelegate.m */; };
		0426C378246E75950090E1EC /* Assets.xcassets in Resources */ = {isa = PBXBuildFile; fileRef = 0426C377246E75950090E1EC /* Assets.xcassets */; };
		0426C37B246E75950090E1EC /* LaunchScreen.storyboard in Resources */ = {isa = PBXBuildFile; fileRef = 0426C379246E75950090E1EC /* LaunchScreen.storyboard */; };
		0426C37E246E75950090E1EC /* main.m in Sources */ = {isa = PBXBuildFile; fileRef = 0426C37D246E75950090E1EC /* main.m */; };
		0426C388246E75960090E1EC /* Zalo_ChatBoxTests.m in Sources */ = {isa = PBXBuildFile; fileRef = 0426C387246E75960090E1EC /* Zalo_ChatBoxTests.m */; };
		042978B32473B9250030EE56 /* LayoutHelper.m in Sources */ = {isa = PBXBuildFile; fileRef = 042978B22473B9250030EE56 /* LayoutHelper.m */; };
		042978B42473B9250030EE56 /* LayoutHelper.m in Sources */ = {isa = PBXBuildFile; fileRef = 042978B22473B9250030EE56 /* LayoutHelper.m */; };
		042978B72473E67F0030EE56 /* TimeSectionCellNode.m in Sources */ = {isa = PBXBuildFile; fileRef = 042978B62473E67F0030EE56 /* TimeSectionCellNode.m */; };
		042978B82473E67F0030EE56 /* TimeSectionCellNode.m in Sources */ = {isa = PBXBuildFile; fileRef = 042978B62473E67F0030EE56 /* TimeSectionCellNode.m */; };
		04475807247CCB3A003EF581 /* CellNodeFactory.m in Sources */ = {isa = PBXBuildFile; fileRef = 04475806247CCB3A003EF581 /* CellNodeFactory.m */; };
		0447580C247CCCA8003EF581 /* TableNodeModel.m in Sources */ = {isa = PBXBuildFile; fileRef = 0447580B247CCCA8003EF581 /* TableNodeModel.m */; };
		04475814247D0163003EF581 /* TimeSectionHeader.m in Sources */ = {isa = PBXBuildFile; fileRef = 04475813247D0163003EF581 /* TimeSectionHeader.m */; };
		04475815247D0163003EF581 /* TimeSectionHeader.m in Sources */ = {isa = PBXBuildFile; fileRef = 04475813247D0163003EF581 /* TimeSectionHeader.m */; };
		04516EFA24728B1F005603C8 /* MessageTableNode.m in Sources */ = {isa = PBXBuildFile; fileRef = 04516EF924728B1F005603C8 /* MessageTableNode.m */; };
		04516EFB24728B1F005603C8 /* MessageTableNode.m in Sources */ = {isa = PBXBuildFile; fileRef = 04516EF924728B1F005603C8 /* MessageTableNode.m */; };
		045181D5247192700019FDEE /* ImageCache.m in Sources */ = {isa = PBXBuildFile; fileRef = 045181D4247192700019FDEE /* ImageCache.m */; };
		045181D6247192700019FDEE /* ImageCache.m in Sources */ = {isa = PBXBuildFile; fileRef = 045181D4247192700019FDEE /* ImageCache.m */; };
		046466D224727B0B00E18118 /* Message.m in Sources */ = {isa = PBXBuildFile; fileRef = 046466D124727B0B00E18118 /* Message.m */; };
		046466D324727B0B00E18118 /* Message.m in Sources */ = {isa = PBXBuildFile; fileRef = 046466D124727B0B00E18118 /* Message.m */; };
		046AD74C247620D10062A856 /* MessageBusiness.m in Sources */ = {isa = PBXBuildFile; fileRef = 046AD74B247620D10062A856 /* MessageBusiness.m */; };
		046AD74D247620D10062A856 /* MessageBusiness.m in Sources */ = {isa = PBXBuildFile; fileRef = 046AD74B247620D10062A856 /* MessageBusiness.m */; };
		046AD750247622130062A856 /* Conversation.m in Sources */ = {isa = PBXBuildFile; fileRef = 046AD74F247622130062A856 /* Conversation.m */; };
		046AD751247622130062A856 /* Conversation.m in Sources */ = {isa = PBXBuildFile; fileRef = 046AD74F247622130062A856 /* Conversation.m */; };
		046AD7542476255B0062A856 /* MessageAdapter.m in Sources */ = {isa = PBXBuildFile; fileRef = 046AD7532476255B0062A856 /* MessageAdapter.m */; };
		046AD7552476255B0062A856 /* MessageAdapter.m in Sources */ = {isa = PBXBuildFile; fileRef = 046AD7532476255B0062A856 /* MessageAdapter.m */; };
		046D2928247774BB00AA0D10 /* message_data.txt in Resources */ = {isa = PBXBuildFile; fileRef = 046D2927247774BB00AA0D10 /* message_data.txt */; };
		046D292A24777CE700AA0D10 /* photo_data.txt in Resources */ = {isa = PBXBuildFile; fileRef = 046D292924777CE700AA0D10 /* photo_data.txt */; };
		048F273F247CB8A400C3F9D0 /* TextMessage.m in Sources */ = {isa = PBXBuildFile; fileRef = 048F273E247CB8A400C3F9D0 /* TextMessage.m */; };
		048F2740247CB8A400C3F9D0 /* TextMessage.m in Sources */ = {isa = PBXBuildFile; fileRef = 048F273E247CB8A400C3F9D0 /* TextMessage.m */; };
		048F2743247CB8B500C3F9D0 /* SinglePhotoMessage.m in Sources */ = {isa = PBXBuildFile; fileRef = 048F2742247CB8B500C3F9D0 /* SinglePhotoMessage.m */; };
		048F2744247CB8B500C3F9D0 /* SinglePhotoMessage.m in Sources */ = {isa = PBXBuildFile; fileRef = 048F2742247CB8B500C3F9D0 /* SinglePhotoMessage.m */; };
		048F2747247CBECD00C3F9D0 /* CellNodeObject.m in Sources */ = {isa = PBXBuildFile; fileRef = 048F2746247CBECD00C3F9D0 /* CellNodeObject.m */; };
		04E2D0982472DF92004B1BE9 /* MessageCellNode.m in Sources */ = {isa = PBXBuildFile; fileRef = 04E2D0972472DF92004B1BE9 /* MessageCellNode.m */; };
		04E2D0992472DF92004B1BE9 /* MessageCellNode.m in Sources */ = {isa = PBXBuildFile; fileRef = 04E2D0972472DF92004B1BE9 /* MessageCellNode.m */; };
		04FA55D424766102005ED189 /* ContactAvatarNode.m in Sources */ = {isa = PBXBuildFile; fileRef = 04FA55D324766101005ED189 /* ContactAvatarNode.m */; };
		04FA55D524766102005ED189 /* ContactAvatarNode.m in Sources */ = {isa = PBXBuildFile; fileRef = 04FA55D324766101005ED189 /* ContactAvatarNode.m */; };
		04FA55D824768D0B005ED189 /* MessageInputNode.m in Sources */ = {isa = PBXBuildFile; fileRef = 04FA55D724768D0B005ED189 /* MessageInputNode.m */; };
		04FA55D924768D0B005ED189 /* MessageInputNode.m in Sources */ = {isa = PBXBuildFile; fileRef = 04FA55D724768D0B005ED189 /* MessageInputNode.m */; };
		04FA55DC24769597005ED189 /* PhotoMessageCellNode.m in Sources */ = {isa = PBXBuildFile; fileRef = 04FA55DB24769597005ED189 /* PhotoMessageCellNode.m */; };
		04FA55DD24769597005ED189 /* PhotoMessageCellNode.m in Sources */ = {isa = PBXBuildFile; fileRef = 04FA55DB24769597005ED189 /* PhotoMessageCellNode.m */; };
		2707F9F271D0F72F7DDA83F2 /* Pods_Zalo_ChatBoxTests.framework in Frameworks */ = {isa = PBXBuildFile; fileRef = 8E6DB516F4E6D324812DC13E /* Pods_Zalo_ChatBoxTests.framework */; };
		3A86B21C75C441CF13489D32 /* Pods_Zalo_ChatBox.framework in Frameworks */ = {isa = PBXBuildFile; fileRef = 563326FC7745839793EED3EA /* Pods_Zalo_ChatBox.framework */; };
/* End PBXBuildFile section */

/* Begin PBXContainerItemProxy section */
		0426C384246E75960090E1EC /* PBXContainerItemProxy */ = {
			isa = PBXContainerItemProxy;
			containerPortal = 0426C360246E75940090E1EC /* Project object */;
			proxyType = 1;
			remoteGlobalIDString = 0426C367246E75940090E1EC;
			remoteInfo = "Zalo-ChatBox";
		};
/* End PBXContainerItemProxy section */

/* Begin PBXFileReference section */
		041CB1DE246E79E400D09B58 /* ContactListViewController.h */ = {isa = PBXFileReference; lastKnownFileType = sourcecode.c.h; path = ContactListViewController.h; sourceTree = "<group>"; };
		041CB1DF246E79E400D09B58 /* ContactListViewController.m */ = {isa = PBXFileReference; lastKnownFileType = sourcecode.c.objc; path = ContactListViewController.m; sourceTree = "<group>"; };
		041CB1E6246E79FD00D09B58 /* ChatBoxViewController.h */ = {isa = PBXFileReference; lastKnownFileType = sourcecode.c.h; path = ChatBoxViewController.h; sourceTree = "<group>"; };
		041CB1E7246E79FD00D09B58 /* ChatBoxViewController.m */ = {isa = PBXFileReference; lastKnownFileType = sourcecode.c.objc; path = ChatBoxViewController.m; sourceTree = "<group>"; };
		041CB1F6246E8D3800D09B58 /* Contact.m */ = {isa = PBXFileReference; fileEncoding = 4; lastKnownFileType = sourcecode.c.objc; name = Contact.m; path = ../Contact.m; sourceTree = "<group>"; };
		041CB1F7246E8D3800D09B58 /* Contact.h */ = {isa = PBXFileReference; fileEncoding = 4; lastKnownFileType = sourcecode.c.h; name = Contact.h; path = ../Contact.h; sourceTree = "<group>"; };
		041CB1FA246E8D5500D09B58 /* AppConsts.h */ = {isa = PBXFileReference; lastKnownFileType = sourcecode.c.h; path = AppConsts.h; sourceTree = "<group>"; };
		041CB1FE246E8ED600D09B58 /* ContactAdapter.h */ = {isa = PBXFileReference; lastKnownFileType = sourcecode.c.h; path = ContactAdapter.h; sourceTree = "<group>"; };
		041CB1FF246E8ED600D09B58 /* ContactAdapter.m */ = {isa = PBXFileReference; lastKnownFileType = sourcecode.c.objc; path = ContactAdapter.m; sourceTree = "<group>"; };
		041CB202246E8F0000D09B58 /* Contacts.framework */ = {isa = PBXFileReference; lastKnownFileType = wrapper.framework; name = Contacts.framework; path = System/Library/Frameworks/Contacts.framework; sourceTree = SDKROOT; };
		041CB205246E8F4D00D09B58 /* ContactDidChangedDelegate.h */ = {isa = PBXFileReference; lastKnownFileType = sourcecode.c.h; path = ContactDidChangedDelegate.h; sourceTree = "<group>"; };
		041CB207246E8FD100D09B58 /* StringHelper.h */ = {isa = PBXFileReference; lastKnownFileType = sourcecode.c.h; path = StringHelper.h; sourceTree = "<group>"; };
		041CB208246E8FD100D09B58 /* StringHelper.m */ = {isa = PBXFileReference; lastKnownFileType = sourcecode.c.objc; path = StringHelper.m; sourceTree = "<group>"; };
		041CB20B246E904C00D09B58 /* ContactBusiness.h */ = {isa = PBXFileReference; lastKnownFileType = sourcecode.c.h; path = ContactBusiness.h; sourceTree = "<group>"; };
		041CB20C246E904C00D09B58 /* ContactBusiness.m */ = {isa = PBXFileReference; lastKnownFileType = sourcecode.c.objc; path = ContactBusiness.m; sourceTree = "<group>"; };
		041CB210246E90EA00D09B58 /* ContactTableCellNode.h */ = {isa = PBXFileReference; lastKnownFileType = sourcecode.c.h; path = ContactTableCellNode.h; sourceTree = "<group>"; };
		041CB211246E90EA00D09B58 /* ContactTableCellNode.m */ = {isa = PBXFileReference; lastKnownFileType = sourcecode.c.objc; path = ContactTableCellNode.m; sourceTree = "<group>"; };
		041CB216246E917900D09B58 /* ContactTableViewModel.h */ = {isa = PBXFileReference; lastKnownFileType = sourcecode.c.h; path = ContactTableViewModel.h; sourceTree = "<group>"; };
		041CB217246E917900D09B58 /* ContactTableViewModel.m */ = {isa = PBXFileReference; lastKnownFileType = sourcecode.c.objc; path = ContactTableViewModel.m; sourceTree = "<group>"; };
		041CB21A246E925C00D09B58 /* UIImage+Additions.h */ = {isa = PBXFileReference; lastKnownFileType = sourcecode.c.h; path = "UIImage+Additions.h"; sourceTree = "<group>"; };
		041CB21B246E925C00D09B58 /* UIImage+Additions.m */ = {isa = PBXFileReference; lastKnownFileType = sourcecode.c.objc; path = "UIImage+Additions.m"; sourceTree = "<group>"; };
		041CB21E246E96E400D09B58 /* ContactTableNode.h */ = {isa = PBXFileReference; lastKnownFileType = sourcecode.c.h; path = ContactTableNode.h; sourceTree = "<group>"; };
		041CB21F246E96E400D09B58 /* ContactTableNode.m */ = {isa = PBXFileReference; lastKnownFileType = sourcecode.c.objc; path = ContactTableNode.m; sourceTree = "<group>"; };
		0426C368246E75940090E1EC /* Zalo-ChatBox.app */ = {isa = PBXFileReference; explicitFileType = wrapper.application; includeInIndex = 0; path = "Zalo-ChatBox.app"; sourceTree = BUILT_PRODUCTS_DIR; };
		0426C36B246E75940090E1EC /* AppDelegate.h */ = {isa = PBXFileReference; lastKnownFileType = sourcecode.c.h; path = AppDelegate.h; sourceTree = "<group>"; };
		0426C36C246E75940090E1EC /* AppDelegate.m */ = {isa = PBXFileReference; lastKnownFileType = sourcecode.c.objc; path = AppDelegate.m; sourceTree = "<group>"; };
		0426C36E246E75940090E1EC /* SceneDelegate.h */ = {isa = PBXFileReference; lastKnownFileType = sourcecode.c.h; path = SceneDelegate.h; sourceTree = "<group>"; };
		0426C36F246E75940090E1EC /* SceneDelegate.m */ = {isa = PBXFileReference; lastKnownFileType = sourcecode.c.objc; path = SceneDelegate.m; sourceTree = "<group>"; };
		0426C377246E75950090E1EC /* Assets.xcassets */ = {isa = PBXFileReference; lastKnownFileType = folder.assetcatalog; path = Assets.xcassets; sourceTree = "<group>"; };
		0426C37A246E75950090E1EC /* Base */ = {isa = PBXFileReference; lastKnownFileType = file.storyboard; name = Base; path = Base.lproj/LaunchScreen.storyboard; sourceTree = "<group>"; };
		0426C37C246E75950090E1EC /* Info.plist */ = {isa = PBXFileReference; lastKnownFileType = text.plist.xml; path = Info.plist; sourceTree = "<group>"; };
		0426C37D246E75950090E1EC /* main.m */ = {isa = PBXFileReference; lastKnownFileType = sourcecode.c.objc; path = main.m; sourceTree = "<group>"; };
		0426C383246E75960090E1EC /* Zalo-ChatBoxTests.xctest */ = {isa = PBXFileReference; explicitFileType = wrapper.cfbundle; includeInIndex = 0; path = "Zalo-ChatBoxTests.xctest"; sourceTree = BUILT_PRODUCTS_DIR; };
		0426C387246E75960090E1EC /* Zalo_ChatBoxTests.m */ = {isa = PBXFileReference; lastKnownFileType = sourcecode.c.objc; path = Zalo_ChatBoxTests.m; sourceTree = "<group>"; };
		0426C389246E75960090E1EC /* Info.plist */ = {isa = PBXFileReference; lastKnownFileType = text.plist.xml; path = Info.plist; sourceTree = "<group>"; };
		042978B12473B9250030EE56 /* LayoutHelper.h */ = {isa = PBXFileReference; lastKnownFileType = sourcecode.c.h; path = LayoutHelper.h; sourceTree = "<group>"; };
		042978B22473B9250030EE56 /* LayoutHelper.m */ = {isa = PBXFileReference; lastKnownFileType = sourcecode.c.objc; path = LayoutHelper.m; sourceTree = "<group>"; };
		042978B52473E67F0030EE56 /* TimeSectionCellNode.h */ = {isa = PBXFileReference; lastKnownFileType = sourcecode.c.h; path = TimeSectionCellNode.h; sourceTree = "<group>"; };
		042978B62473E67F0030EE56 /* TimeSectionCellNode.m */ = {isa = PBXFileReference; lastKnownFileType = sourcecode.c.objc; path = TimeSectionCellNode.m; sourceTree = "<group>"; };
		04475805247CCB3A003EF581 /* CellNodeFactory.h */ = {isa = PBXFileReference; lastKnownFileType = sourcecode.c.h; path = CellNodeFactory.h; sourceTree = "<group>"; };
		04475806247CCB3A003EF581 /* CellNodeFactory.m */ = {isa = PBXFileReference; lastKnownFileType = sourcecode.c.objc; path = CellNodeFactory.m; sourceTree = "<group>"; };
		0447580A247CCCA8003EF581 /* TableNodeModel.h */ = {isa = PBXFileReference; lastKnownFileType = sourcecode.c.h; path = TableNodeModel.h; sourceTree = "<group>"; };
		0447580B247CCCA8003EF581 /* TableNodeModel.m */ = {isa = PBXFileReference; lastKnownFileType = sourcecode.c.objc; path = TableNodeModel.m; sourceTree = "<group>"; };
		04475812247D0163003EF581 /* TimeSectionHeader.h */ = {isa = PBXFileReference; lastKnownFileType = sourcecode.c.h; path = TimeSectionHeader.h; sourceTree = "<group>"; };
		04475813247D0163003EF581 /* TimeSectionHeader.m */ = {isa = PBXFileReference; lastKnownFileType = sourcecode.c.objc; path = TimeSectionHeader.m; sourceTree = "<group>"; };
		04516EF824728B1F005603C8 /* MessageTableNode.h */ = {isa = PBXFileReference; lastKnownFileType = sourcecode.c.h; path = MessageTableNode.h; sourceTree = "<group>"; };
		04516EF924728B1F005603C8 /* MessageTableNode.m */ = {isa = PBXFileReference; lastKnownFileType = sourcecode.c.objc; path = MessageTableNode.m; sourceTree = "<group>"; };
		045181D3247192700019FDEE /* ImageCache.h */ = {isa = PBXFileReference; lastKnownFileType = sourcecode.c.h; path = ImageCache.h; sourceTree = "<group>"; };
		045181D4247192700019FDEE /* ImageCache.m */ = {isa = PBXFileReference; lastKnownFileType = sourcecode.c.objc; path = ImageCache.m; sourceTree = "<group>"; };
		046466D024727B0B00E18118 /* Message.h */ = {isa = PBXFileReference; lastKnownFileType = sourcecode.c.h; path = Message.h; sourceTree = "<group>"; };
		046466D124727B0B00E18118 /* Message.m */ = {isa = PBXFileReference; lastKnownFileType = sourcecode.c.objc; path = Message.m; sourceTree = "<group>"; };
		046AD74A247620D10062A856 /* MessageBusiness.h */ = {isa = PBXFileReference; lastKnownFileType = sourcecode.c.h; path = MessageBusiness.h; sourceTree = "<group>"; };
		046AD74B247620D10062A856 /* MessageBusiness.m */ = {isa = PBXFileReference; lastKnownFileType = sourcecode.c.objc; path = MessageBusiness.m; sourceTree = "<group>"; };
		046AD74E247622130062A856 /* Conversation.h */ = {isa = PBXFileReference; lastKnownFileType = sourcecode.c.h; path = Conversation.h; sourceTree = "<group>"; };
		046AD74F247622130062A856 /* Conversation.m */ = {isa = PBXFileReference; lastKnownFileType = sourcecode.c.objc; path = Conversation.m; sourceTree = "<group>"; };
		046AD7522476255B0062A856 /* MessageAdapter.h */ = {isa = PBXFileReference; lastKnownFileType = sourcecode.c.h; path = MessageAdapter.h; sourceTree = "<group>"; };
		046AD7532476255B0062A856 /* MessageAdapter.m */ = {isa = PBXFileReference; lastKnownFileType = sourcecode.c.objc; path = MessageAdapter.m; sourceTree = "<group>"; };
		046D2927247774BB00AA0D10 /* message_data.txt */ = {isa = PBXFileReference; lastKnownFileType = text; path = message_data.txt; sourceTree = "<group>"; };
		046D292924777CE700AA0D10 /* photo_data.txt */ = {isa = PBXFileReference; lastKnownFileType = text; path = photo_data.txt; sourceTree = "<group>"; };
		048F273D247CB8A400C3F9D0 /* TextMessage.h */ = {isa = PBXFileReference; lastKnownFileType = sourcecode.c.h; path = TextMessage.h; sourceTree = "<group>"; };
		048F273E247CB8A400C3F9D0 /* TextMessage.m */ = {isa = PBXFileReference; lastKnownFileType = sourcecode.c.objc; path = TextMessage.m; sourceTree = "<group>"; };
		048F2741247CB8B500C3F9D0 /* SinglePhotoMessage.h */ = {isa = PBXFileReference; lastKnownFileType = sourcecode.c.h; path = SinglePhotoMessage.h; sourceTree = "<group>"; };
		048F2742247CB8B500C3F9D0 /* SinglePhotoMessage.m */ = {isa = PBXFileReference; lastKnownFileType = sourcecode.c.objc; path = SinglePhotoMessage.m; sourceTree = "<group>"; };
		048F2745247CBECD00C3F9D0 /* CellNodeObject.h */ = {isa = PBXFileReference; lastKnownFileType = sourcecode.c.h; path = CellNodeObject.h; sourceTree = "<group>"; };
		048F2746247CBECD00C3F9D0 /* CellNodeObject.m */ = {isa = PBXFileReference; lastKnownFileType = sourcecode.c.objc; path = CellNodeObject.m; sourceTree = "<group>"; };
		04E2D0962472DF92004B1BE9 /* MessageCellNode.h */ = {isa = PBXFileReference; lastKnownFileType = sourcecode.c.h; path = MessageCellNode.h; sourceTree = "<group>"; };
		04E2D0972472DF92004B1BE9 /* MessageCellNode.m */ = {isa = PBXFileReference; lastKnownFileType = sourcecode.c.objc; path = MessageCellNode.m; sourceTree = "<group>"; };
		04FA55D224766101005ED189 /* ContactAvatarNode.h */ = {isa = PBXFileReference; lastKnownFileType = sourcecode.c.h; path = ContactAvatarNode.h; sourceTree = "<group>"; };
		04FA55D324766101005ED189 /* ContactAvatarNode.m */ = {isa = PBXFileReference; lastKnownFileType = sourcecode.c.objc; path = ContactAvatarNode.m; sourceTree = "<group>"; };
		04FA55D624768D0B005ED189 /* MessageInputNode.h */ = {isa = PBXFileReference; lastKnownFileType = sourcecode.c.h; path = MessageInputNode.h; sourceTree = "<group>"; };
		04FA55D724768D0B005ED189 /* MessageInputNode.m */ = {isa = PBXFileReference; lastKnownFileType = sourcecode.c.objc; path = MessageInputNode.m; sourceTree = "<group>"; };
		04FA55DA24769597005ED189 /* PhotoMessageCellNode.h */ = {isa = PBXFileReference; lastKnownFileType = sourcecode.c.h; path = PhotoMessageCellNode.h; sourceTree = "<group>"; };
		04FA55DB24769597005ED189 /* PhotoMessageCellNode.m */ = {isa = PBXFileReference; lastKnownFileType = sourcecode.c.objc; path = PhotoMessageCellNode.m; sourceTree = "<group>"; };
		563326FC7745839793EED3EA /* Pods_Zalo_ChatBox.framework */ = {isa = PBXFileReference; explicitFileType = wrapper.framework; includeInIndex = 0; path = Pods_Zalo_ChatBox.framework; sourceTree = BUILT_PRODUCTS_DIR; };
		688C625E3281BDC911161408 /* Pods-Zalo-ChatBoxTests.debug.xcconfig */ = {isa = PBXFileReference; includeInIndex = 1; lastKnownFileType = text.xcconfig; name = "Pods-Zalo-ChatBoxTests.debug.xcconfig"; path = "Target Support Files/Pods-Zalo-ChatBoxTests/Pods-Zalo-ChatBoxTests.debug.xcconfig"; sourceTree = "<group>"; };
		7CDD3847A7E20073CB3BDCA8 /* Pods-Zalo-ChatBox.release.xcconfig */ = {isa = PBXFileReference; includeInIndex = 1; lastKnownFileType = text.xcconfig; name = "Pods-Zalo-ChatBox.release.xcconfig"; path = "Target Support Files/Pods-Zalo-ChatBox/Pods-Zalo-ChatBox.release.xcconfig"; sourceTree = "<group>"; };
		8E6DB516F4E6D324812DC13E /* Pods_Zalo_ChatBoxTests.framework */ = {isa = PBXFileReference; explicitFileType = wrapper.framework; includeInIndex = 0; path = Pods_Zalo_ChatBoxTests.framework; sourceTree = BUILT_PRODUCTS_DIR; };
		DC1389F5B59DBA5E9E182CFD /* Pods-Zalo-ChatBox.debug.xcconfig */ = {isa = PBXFileReference; includeInIndex = 1; lastKnownFileType = text.xcconfig; name = "Pods-Zalo-ChatBox.debug.xcconfig"; path = "Target Support Files/Pods-Zalo-ChatBox/Pods-Zalo-ChatBox.debug.xcconfig"; sourceTree = "<group>"; };
		FCF39DD86210DC32BDF96B07 /* Pods-Zalo-ChatBoxTests.release.xcconfig */ = {isa = PBXFileReference; includeInIndex = 1; lastKnownFileType = text.xcconfig; name = "Pods-Zalo-ChatBoxTests.release.xcconfig"; path = "Target Support Files/Pods-Zalo-ChatBoxTests/Pods-Zalo-ChatBoxTests.release.xcconfig"; sourceTree = "<group>"; };
/* End PBXFileReference section */

/* Begin PBXFrameworksBuildPhase section */
		0426C365246E75940090E1EC /* Frameworks */ = {
			isa = PBXFrameworksBuildPhase;
			buildActionMask = 2147483647;
			files = (
				3A86B21C75C441CF13489D32 /* Pods_Zalo_ChatBox.framework in Frameworks */,
				041CB203246E8F0000D09B58 /* Contacts.framework in Frameworks */,
			);
			runOnlyForDeploymentPostprocessing = 0;
		};
		0426C380246E75960090E1EC /* Frameworks */ = {
			isa = PBXFrameworksBuildPhase;
			buildActionMask = 2147483647;
			files = (
				2707F9F271D0F72F7DDA83F2 /* Pods_Zalo_ChatBoxTests.framework in Frameworks */,
			);
			runOnlyForDeploymentPostprocessing = 0;
		};
/* End PBXFrameworksBuildPhase section */

/* Begin PBXGroup section */
		041CB1D9246E781600D09B58 /* DataAccess */ = {
			isa = PBXGroup;
			children = (
				041CB204246E8F3500D09B58 /* Protocol */,
				041CB1FE246E8ED600D09B58 /* ContactAdapter.h */,
				041CB1FF246E8ED600D09B58 /* ContactAdapter.m */,
				046AD7522476255B0062A856 /* MessageAdapter.h */,
				046AD7532476255B0062A856 /* MessageAdapter.m */,
			);
			path = DataAccess;
			sourceTree = "<group>";
		};
		041CB1DA246E781F00D09B58 /* Business */ = {
			isa = PBXGroup;
			children = (
				041CB20B246E904C00D09B58 /* ContactBusiness.h */,
				041CB20C246E904C00D09B58 /* ContactBusiness.m */,
				046AD74A247620D10062A856 /* MessageBusiness.h */,
				046AD74B247620D10062A856 /* MessageBusiness.m */,
			);
			path = Business;
			sourceTree = "<group>";
		};
		041CB1DB246E782500D09B58 /* Presentation */ = {
			isa = PBXGroup;
			children = (
				041CB20F246E909800D09B58 /* Fragment */,
				041CB1DD246E79D200D09B58 /* Screen */,
			);
			path = Presentation;
			sourceTree = "<group>";
		};
		041CB1DD246E79D200D09B58 /* Screen */ = {
			isa = PBXGroup;
			children = (
				041CB1DE246E79E400D09B58 /* ContactListViewController.h */,
				041CB1DF246E79E400D09B58 /* ContactListViewController.m */,
				041CB1E6246E79FD00D09B58 /* ChatBoxViewController.h */,
				041CB1E7246E79FD00D09B58 /* ChatBoxViewController.m */,
			);
			path = Screen;
			sourceTree = "<group>";
		};
		041CB1F5246E8D0000D09B58 /* Model */ = {
			isa = PBXGroup;
			children = (
				041CB215246E915A00D09B58 /* Entity */,
				041CB214246E915500D09B58 /* ViewModel */,
			);
			path = Model;
			sourceTree = "<group>";
		};
		041CB204246E8F3500D09B58 /* Protocol */ = {
			isa = PBXGroup;
			children = (
				041CB205246E8F4D00D09B58 /* ContactDidChangedDelegate.h */,
			);
			path = Protocol;
			sourceTree = "<group>";
		};
		041CB206246E8FBB00D09B58 /* Helper */ = {
			isa = PBXGroup;
			children = (
				041CB207246E8FD100D09B58 /* StringHelper.h */,
				041CB208246E8FD100D09B58 /* StringHelper.m */,
				045181D3247192700019FDEE /* ImageCache.h */,
				045181D4247192700019FDEE /* ImageCache.m */,
				042978B12473B9250030EE56 /* LayoutHelper.h */,
				042978B22473B9250030EE56 /* LayoutHelper.m */,
			);
			path = Helper;
			sourceTree = "<group>";
		};
		041CB20F246E909800D09B58 /* Fragment */ = {
			isa = PBXGroup;
			children = (
				04516EF22472893F005603C8 /* MessageInput */,
				04516EF124728935005603C8 /* ContactList */,
				04516EF724728AFB005603C8 /* MessageList */,
				04516EF02472892D005603C8 /* UIImage */,
			);
			path = Fragment;
			sourceTree = "<group>";
		};
		041CB214246E915500D09B58 /* ViewModel */ = {
			isa = PBXGroup;
			children = (
				048F2749247CBEEB00C3F9D0 /* NodeModel */,
				048F273C247CB87E00C3F9D0 /* MessageModel */,
				048F273B247CB87000C3F9D0 /* ContactList */,
			);
			path = ViewModel;
			sourceTree = "<group>";
		};
		041CB215246E915A00D09B58 /* Entity */ = {
			isa = PBXGroup;
			children = (
				041CB1F7246E8D3800D09B58 /* Contact.h */,
				041CB1F6246E8D3800D09B58 /* Contact.m */,
				046466D024727B0B00E18118 /* Message.h */,
				046466D124727B0B00E18118 /* Message.m */,
				046AD74E247622130062A856 /* Conversation.h */,
				046AD74F247622130062A856 /* Conversation.m */,
			);
			path = Entity;
			sourceTree = "<group>";
		};
		0426C35F246E75940090E1EC = {
			isa = PBXGroup;
			children = (
				0426C36A246E75940090E1EC /* Zalo-ChatBox */,
				0426C386246E75960090E1EC /* Zalo-ChatBoxTests */,
				0426C369246E75940090E1EC /* Products */,
				8E06C0F317C472BB0061391B /* Pods */,
				ABF4012806A9F98BEC3720DA /* Frameworks */,
			);
			sourceTree = "<group>";
		};
		0426C369246E75940090E1EC /* Products */ = {
			isa = PBXGroup;
			children = (
				0426C368246E75940090E1EC /* Zalo-ChatBox.app */,
				0426C383246E75960090E1EC /* Zalo-ChatBoxTests.xctest */,
			);
			name = Products;
			sourceTree = "<group>";
		};
		0426C36A246E75940090E1EC /* Zalo-ChatBox */ = {
			isa = PBXGroup;
			children = (
				041CB1DB246E782500D09B58 /* Presentation */,
				041CB1DA246E781F00D09B58 /* Business */,
				041CB1D9246E781600D09B58 /* DataAccess */,
				041CB206246E8FBB00D09B58 /* Helper */,
				041CB1F5246E8D0000D09B58 /* Model */,
				041CB1FA246E8D5500D09B58 /* AppConsts.h */,
				0426C36B246E75940090E1EC /* AppDelegate.h */,
				0426C36C246E75940090E1EC /* AppDelegate.m */,
				0426C36E246E75940090E1EC /* SceneDelegate.h */,
				0426C36F246E75940090E1EC /* SceneDelegate.m */,
				0426C377246E75950090E1EC /* Assets.xcassets */,
				0426C379246E75950090E1EC /* LaunchScreen.storyboard */,
				0426C37C246E75950090E1EC /* Info.plist */,
				0426C37D246E75950090E1EC /* main.m */,
				046D2927247774BB00AA0D10 /* message_data.txt */,
				046D292924777CE700AA0D10 /* photo_data.txt */,
			);
			path = "Zalo-ChatBox";
			sourceTree = "<group>";
		};
		0426C386246E75960090E1EC /* Zalo-ChatBoxTests */ = {
			isa = PBXGroup;
			children = (
				0426C387246E75960090E1EC /* Zalo_ChatBoxTests.m */,
				0426C389246E75960090E1EC /* Info.plist */,
			);
			path = "Zalo-ChatBoxTests";
			sourceTree = "<group>";
		};
		04516EF02472892D005603C8 /* UIImage */ = {
			isa = PBXGroup;
			children = (
				041CB21A246E925C00D09B58 /* UIImage+Additions.h */,
				041CB21B246E925C00D09B58 /* UIImage+Additions.m */,
			);
			path = UIImage;
			sourceTree = "<group>";
		};
		04516EF124728935005603C8 /* ContactList */ = {
			isa = PBXGroup;
			children = (
				041CB21E246E96E400D09B58 /* ContactTableNode.h */,
				041CB21F246E96E400D09B58 /* ContactTableNode.m */,
				041CB210246E90EA00D09B58 /* ContactTableCellNode.h */,
				041CB211246E90EA00D09B58 /* ContactTableCellNode.m */,
				04FA55D224766101005ED189 /* ContactAvatarNode.h */,
				04FA55D324766101005ED189 /* ContactAvatarNode.m */,
			);
			path = ContactList;
			sourceTree = "<group>";
		};
		04516EF22472893F005603C8 /* MessageInput */ = {
			isa = PBXGroup;
			children = (
				04FA55D624768D0B005ED189 /* MessageInputNode.h */,
				04FA55D724768D0B005ED189 /* MessageInputNode.m */,
			);
			path = MessageInput;
			sourceTree = "<group>";
		};
		04516EF724728AFB005603C8 /* MessageList */ = {
			isa = PBXGroup;
			children = (
				04516EF824728B1F005603C8 /* MessageTableNode.h */,
				04516EF924728B1F005603C8 /* MessageTableNode.m */,
				04E2D0962472DF92004B1BE9 /* MessageCellNode.h */,
				04E2D0972472DF92004B1BE9 /* MessageCellNode.m */,
				042978B52473E67F0030EE56 /* TimeSectionCellNode.h */,
				042978B62473E67F0030EE56 /* TimeSectionCellNode.m */,
				04FA55DA24769597005ED189 /* PhotoMessageCellNode.h */,
				04FA55DB24769597005ED189 /* PhotoMessageCellNode.m */,
			);
			path = MessageList;
			sourceTree = "<group>";
		};
		048F273B247CB87000C3F9D0 /* ContactList */ = {
			isa = PBXGroup;
			children = (
				041CB216246E917900D09B58 /* ContactTableViewModel.h */,
				041CB217246E917900D09B58 /* ContactTableViewModel.m */,
			);
			path = ContactList;
			sourceTree = "<group>";
		};
		048F273C247CB87E00C3F9D0 /* MessageModel */ = {
			isa = PBXGroup;
			children = (
				048F273D247CB8A400C3F9D0 /* TextMessage.h */,
				048F273E247CB8A400C3F9D0 /* TextMessage.m */,
				048F2741247CB8B500C3F9D0 /* SinglePhotoMessage.h */,
				048F2742247CB8B500C3F9D0 /* SinglePhotoMessage.m */,
				04475812247D0163003EF581 /* TimeSectionHeader.h */,
				04475813247D0163003EF581 /* TimeSectionHeader.m */,
			);
			path = MessageModel;
			sourceTree = "<group>";
		};
		048F2749247CBEEB00C3F9D0 /* NodeModel */ = {
			isa = PBXGroup;
			children = (
				048F2745247CBECD00C3F9D0 /* CellNodeObject.h */,
				048F2746247CBECD00C3F9D0 /* CellNodeObject.m */,
				0447580A247CCCA8003EF581 /* TableNodeModel.h */,
				0447580B247CCCA8003EF581 /* TableNodeModel.m */,
				04475805247CCB3A003EF581 /* CellNodeFactory.h */,
				04475806247CCB3A003EF581 /* CellNodeFactory.m */,
			);
			path = NodeModel;
			sourceTree = "<group>";
		};
		8E06C0F317C472BB0061391B /* Pods */ = {
			isa = PBXGroup;
			children = (
				DC1389F5B59DBA5E9E182CFD /* Pods-Zalo-ChatBox.debug.xcconfig */,
				7CDD3847A7E20073CB3BDCA8 /* Pods-Zalo-ChatBox.release.xcconfig */,
				688C625E3281BDC911161408 /* Pods-Zalo-ChatBoxTests.debug.xcconfig */,
				FCF39DD86210DC32BDF96B07 /* Pods-Zalo-ChatBoxTests.release.xcconfig */,
			);
			path = Pods;
			sourceTree = "<group>";
		};
		ABF4012806A9F98BEC3720DA /* Frameworks */ = {
			isa = PBXGroup;
			children = (
				041CB202246E8F0000D09B58 /* Contacts.framework */,
				563326FC7745839793EED3EA /* Pods_Zalo_ChatBox.framework */,
				8E6DB516F4E6D324812DC13E /* Pods_Zalo_ChatBoxTests.framework */,
			);
			name = Frameworks;
			sourceTree = "<group>";
		};
/* End PBXGroup section */

/* Begin PBXNativeTarget section */
		0426C367246E75940090E1EC /* Zalo-ChatBox */ = {
			isa = PBXNativeTarget;
			buildConfigurationList = 0426C38C246E75960090E1EC /* Build configuration list for PBXNativeTarget "Zalo-ChatBox" */;
			buildPhases = (
				69BC56B7E9BC418C5CE9CD35 /* [CP] Check Pods Manifest.lock */,
				0426C364246E75940090E1EC /* Sources */,
				0426C365246E75940090E1EC /* Frameworks */,
				0426C366246E75940090E1EC /* Resources */,
				615C6D1862A31CB011A9FAB9 /* [CP] Embed Pods Frameworks */,
			);
			buildRules = (
			);
			dependencies = (
			);
			name = "Zalo-ChatBox";
			productName = "Zalo-ChatBox";
			productReference = 0426C368246E75940090E1EC /* Zalo-ChatBox.app */;
			productType = "com.apple.product-type.application";
		};
		0426C382246E75960090E1EC /* Zalo-ChatBoxTests */ = {
			isa = PBXNativeTarget;
			buildConfigurationList = 0426C38F246E75960090E1EC /* Build configuration list for PBXNativeTarget "Zalo-ChatBoxTests" */;
			buildPhases = (
				C69EEBE09A7CD6B39E8E3376 /* [CP] Check Pods Manifest.lock */,
				0426C37F246E75960090E1EC /* Sources */,
				0426C380246E75960090E1EC /* Frameworks */,
				0426C381246E75960090E1EC /* Resources */,
			);
			buildRules = (
			);
			dependencies = (
				0426C385246E75960090E1EC /* PBXTargetDependency */,
			);
			name = "Zalo-ChatBoxTests";
			productName = "Zalo-ChatBoxTests";
			productReference = 0426C383246E75960090E1EC /* Zalo-ChatBoxTests.xctest */;
			productType = "com.apple.product-type.bundle.unit-test";
		};
/* End PBXNativeTarget section */

/* Begin PBXProject section */
		0426C360246E75940090E1EC /* Project object */ = {
			isa = PBXProject;
			attributes = {
				LastUpgradeCheck = 1140;
				ORGANIZATIONNAME = "Trần Đình Tôn Hiếu";
				TargetAttributes = {
					0426C367246E75940090E1EC = {
						CreatedOnToolsVersion = 11.4.1;
					};
					0426C382246E75960090E1EC = {
						CreatedOnToolsVersion = 11.4.1;
						TestTargetID = 0426C367246E75940090E1EC;
					};
				};
			};
			buildConfigurationList = 0426C363246E75940090E1EC /* Build configuration list for PBXProject "Zalo-ChatBox" */;
			compatibilityVersion = "Xcode 9.3";
			developmentRegion = en;
			hasScannedForEncodings = 0;
			knownRegions = (
				en,
				Base,
			);
			mainGroup = 0426C35F246E75940090E1EC;
			productRefGroup = 0426C369246E75940090E1EC /* Products */;
			projectDirPath = "";
			projectRoot = "";
			targets = (
				0426C367246E75940090E1EC /* Zalo-ChatBox */,
				0426C382246E75960090E1EC /* Zalo-ChatBoxTests */,
			);
		};
/* End PBXProject section */

/* Begin PBXResourcesBuildPhase section */
		0426C366246E75940090E1EC /* Resources */ = {
			isa = PBXResourcesBuildPhase;
			buildActionMask = 2147483647;
			files = (
				046D2928247774BB00AA0D10 /* message_data.txt in Resources */,
				0426C37B246E75950090E1EC /* LaunchScreen.storyboard in Resources */,
				0426C378246E75950090E1EC /* Assets.xcassets in Resources */,
				046D292A24777CE700AA0D10 /* photo_data.txt in Resources */,
			);
			runOnlyForDeploymentPostprocessing = 0;
		};
		0426C381246E75960090E1EC /* Resources */ = {
			isa = PBXResourcesBuildPhase;
			buildActionMask = 2147483647;
			files = (
			);
			runOnlyForDeploymentPostprocessing = 0;
		};
/* End PBXResourcesBuildPhase section */

/* Begin PBXShellScriptBuildPhase section */
		615C6D1862A31CB011A9FAB9 /* [CP] Embed Pods Frameworks */ = {
			isa = PBXShellScriptBuildPhase;
			buildActionMask = 2147483647;
			files = (
			);
			inputFileListPaths = (
				"${PODS_ROOT}/Target Support Files/Pods-Zalo-ChatBox/Pods-Zalo-ChatBox-frameworks-${CONFIGURATION}-input-files.xcfilelist",
			);
			name = "[CP] Embed Pods Frameworks";
			outputFileListPaths = (
				"${PODS_ROOT}/Target Support Files/Pods-Zalo-ChatBox/Pods-Zalo-ChatBox-frameworks-${CONFIGURATION}-output-files.xcfilelist",
			);
			runOnlyForDeploymentPostprocessing = 0;
			shellPath = /bin/sh;
			shellScript = "\"${PODS_ROOT}/Target Support Files/Pods-Zalo-ChatBox/Pods-Zalo-ChatBox-frameworks.sh\"\n";
			showEnvVarsInLog = 0;
		};
		69BC56B7E9BC418C5CE9CD35 /* [CP] Check Pods Manifest.lock */ = {
			isa = PBXShellScriptBuildPhase;
			buildActionMask = 2147483647;
			files = (
			);
			inputFileListPaths = (
			);
			inputPaths = (
				"${PODS_PODFILE_DIR_PATH}/Podfile.lock",
				"${PODS_ROOT}/Manifest.lock",
			);
			name = "[CP] Check Pods Manifest.lock";
			outputFileListPaths = (
			);
			outputPaths = (
				"$(DERIVED_FILE_DIR)/Pods-Zalo-ChatBox-checkManifestLockResult.txt",
			);
			runOnlyForDeploymentPostprocessing = 0;
			shellPath = /bin/sh;
			shellScript = "diff \"${PODS_PODFILE_DIR_PATH}/Podfile.lock\" \"${PODS_ROOT}/Manifest.lock\" > /dev/null\nif [ $? != 0 ] ; then\n    # print error to STDERR\n    echo \"error: The sandbox is not in sync with the Podfile.lock. Run 'pod install' or update your CocoaPods installation.\" >&2\n    exit 1\nfi\n# This output is used by Xcode 'outputs' to avoid re-running this script phase.\necho \"SUCCESS\" > \"${SCRIPT_OUTPUT_FILE_0}\"\n";
			showEnvVarsInLog = 0;
		};
		C69EEBE09A7CD6B39E8E3376 /* [CP] Check Pods Manifest.lock */ = {
			isa = PBXShellScriptBuildPhase;
			buildActionMask = 2147483647;
			files = (
			);
			inputFileListPaths = (
			);
			inputPaths = (
				"${PODS_PODFILE_DIR_PATH}/Podfile.lock",
				"${PODS_ROOT}/Manifest.lock",
			);
			name = "[CP] Check Pods Manifest.lock";
			outputFileListPaths = (
			);
			outputPaths = (
				"$(DERIVED_FILE_DIR)/Pods-Zalo-ChatBoxTests-checkManifestLockResult.txt",
			);
			runOnlyForDeploymentPostprocessing = 0;
			shellPath = /bin/sh;
			shellScript = "diff \"${PODS_PODFILE_DIR_PATH}/Podfile.lock\" \"${PODS_ROOT}/Manifest.lock\" > /dev/null\nif [ $? != 0 ] ; then\n    # print error to STDERR\n    echo \"error: The sandbox is not in sync with the Podfile.lock. Run 'pod install' or update your CocoaPods installation.\" >&2\n    exit 1\nfi\n# This output is used by Xcode 'outputs' to avoid re-running this script phase.\necho \"SUCCESS\" > \"${SCRIPT_OUTPUT_FILE_0}\"\n";
			showEnvVarsInLog = 0;
		};
/* End PBXShellScriptBuildPhase section */

/* Begin PBXSourcesBuildPhase section */
		0426C364246E75940090E1EC /* Sources */ = {
			isa = PBXSourcesBuildPhase;
			buildActionMask = 2147483647;
			files = (
				0447580C247CCCA8003EF581 /* TableNodeModel.m in Sources */,
				048F273F247CB8A400C3F9D0 /* TextMessage.m in Sources */,
				04475807247CCB3A003EF581 /* CellNodeFactory.m in Sources */,
				04FA55D824768D0B005ED189 /* MessageInputNode.m in Sources */,
				041CB20D246E904C00D09B58 /* ContactBusiness.m in Sources */,
				041CB21C246E925C00D09B58 /* UIImage+Additions.m in Sources */,
				041CB200246E8ED600D09B58 /* ContactAdapter.m in Sources */,
				042978B32473B9250030EE56 /* LayoutHelper.m in Sources */,
				046AD750247622130062A856 /* Conversation.m in Sources */,
				0426C36D246E75940090E1EC /* AppDelegate.m in Sources */,
				041CB220246E96E400D09B58 /* ContactTableNode.m in Sources */,
				041CB1E0246E79E400D09B58 /* ContactListViewController.m in Sources */,
				045181D5247192700019FDEE /* ImageCache.m in Sources */,
				046466D224727B0B00E18118 /* Message.m in Sources */,
				048F2747247CBECD00C3F9D0 /* CellNodeObject.m in Sources */,
				041CB1E8246E79FD00D09B58 /* ChatBoxViewController.m in Sources */,
				048F2743247CB8B500C3F9D0 /* SinglePhotoMessage.m in Sources */,
				0426C37E246E75950090E1EC /* main.m in Sources */,
				041CB1F8246E8D3800D09B58 /* Contact.m in Sources */,
				04475814247D0163003EF581 /* TimeSectionHeader.m in Sources */,
				04516EFA24728B1F005603C8 /* MessageTableNode.m in Sources */,
				041CB209246E8FD100D09B58 /* StringHelper.m in Sources */,
				04FA55DC24769597005ED189 /* PhotoMessageCellNode.m in Sources */,
				04FA55D424766102005ED189 /* ContactAvatarNode.m in Sources */,
				046AD74C247620D10062A856 /* MessageBusiness.m in Sources */,
				041CB218246E917900D09B58 /* ContactTableViewModel.m in Sources */,
				0426C370246E75940090E1EC /* SceneDelegate.m in Sources */,
				041CB212246E90EA00D09B58 /* ContactTableCellNode.m in Sources */,
				042978B72473E67F0030EE56 /* TimeSectionCellNode.m in Sources */,
				04E2D0982472DF92004B1BE9 /* MessageCellNode.m in Sources */,
				046AD7542476255B0062A856 /* MessageAdapter.m in Sources */,
			);
			runOnlyForDeploymentPostprocessing = 0;
		};
		0426C37F246E75960090E1EC /* Sources */ = {
			isa = PBXSourcesBuildPhase;
			buildActionMask = 2147483647;
			files = (
				046AD751247622130062A856 /* Conversation.m in Sources */,
				046AD74D247620D10062A856 /* MessageBusiness.m in Sources */,
				041CB201246E8ED600D09B58 /* ContactAdapter.m in Sources */,
				0426C388246E75960090E1EC /* Zalo_ChatBoxTests.m in Sources */,
				04FA55D924768D0B005ED189 /* MessageInputNode.m in Sources */,
				042978B82473E67F0030EE56 /* TimeSectionCellNode.m in Sources */,
				041CB1E9246E79FD00D09B58 /* ChatBoxViewController.m in Sources */,
				041CB21D246E925C00D09B58 /* UIImage+Additions.m in Sources */,
				041CB213246E90EA00D09B58 /* ContactTableCellNode.m in Sources */,
				046AD7552476255B0062A856 /* MessageAdapter.m in Sources */,
				048F2740247CB8A400C3F9D0 /* TextMessage.m in Sources */,
				041CB1E1246E79E400D09B58 /* ContactListViewController.m in Sources */,
				04E2D0992472DF92004B1BE9 /* MessageCellNode.m in Sources */,
				041CB20A246E8FD100D09B58 /* StringHelper.m in Sources */,
				048F2744247CB8B500C3F9D0 /* SinglePhotoMessage.m in Sources */,
				04475815247D0163003EF581 /* TimeSectionHeader.m in Sources */,
				041CB221246E96E400D09B58 /* ContactTableNode.m in Sources */,
				04FA55DD24769597005ED189 /* PhotoMessageCellNode.m in Sources */,
				041CB1F9246E8D3800D09B58 /* Contact.m in Sources */,
				04FA55D524766102005ED189 /* ContactAvatarNode.m in Sources */,
				04516EFB24728B1F005603C8 /* MessageTableNode.m in Sources */,
				042978B42473B9250030EE56 /* LayoutHelper.m in Sources */,
				041CB219246E917900D09B58 /* ContactTableViewModel.m in Sources */,
				045181D6247192700019FDEE /* ImageCache.m in Sources */,
				046466D324727B0B00E18118 /* Message.m in Sources */,
				041CB20E246E904C00D09B58 /* ContactBusiness.m in Sources */,
			);
			runOnlyForDeploymentPostprocessing = 0;
		};
/* End PBXSourcesBuildPhase section */

/* Begin PBXTargetDependency section */
		0426C385246E75960090E1EC /* PBXTargetDependency */ = {
			isa = PBXTargetDependency;
			target = 0426C367246E75940090E1EC /* Zalo-ChatBox */;
			targetProxy = 0426C384246E75960090E1EC /* PBXContainerItemProxy */;
		};
/* End PBXTargetDependency section */

/* Begin PBXVariantGroup section */
		0426C379246E75950090E1EC /* LaunchScreen.storyboard */ = {
			isa = PBXVariantGroup;
			children = (
				0426C37A246E75950090E1EC /* Base */,
			);
			name = LaunchScreen.storyboard;
			sourceTree = "<group>";
		};
/* End PBXVariantGroup section */

/* Begin XCBuildConfiguration section */
		0426C38A246E75960090E1EC /* Debug */ = {
			isa = XCBuildConfiguration;
			buildSettings = {
				ALWAYS_SEARCH_USER_PATHS = NO;
				CLANG_ANALYZER_NONNULL = YES;
				CLANG_ANALYZER_NUMBER_OBJECT_CONVERSION = YES_AGGRESSIVE;
				CLANG_CXX_LANGUAGE_STANDARD = "gnu++14";
				CLANG_CXX_LIBRARY = "libc++";
				CLANG_ENABLE_MODULES = YES;
				CLANG_ENABLE_OBJC_ARC = YES;
				CLANG_ENABLE_OBJC_WEAK = YES;
				CLANG_WARN_BLOCK_CAPTURE_AUTORELEASING = YES;
				CLANG_WARN_BOOL_CONVERSION = YES;
				CLANG_WARN_COMMA = YES;
				CLANG_WARN_CONSTANT_CONVERSION = YES;
				CLANG_WARN_DEPRECATED_OBJC_IMPLEMENTATIONS = YES;
				CLANG_WARN_DIRECT_OBJC_ISA_USAGE = YES_ERROR;
				CLANG_WARN_DOCUMENTATION_COMMENTS = YES;
				CLANG_WARN_EMPTY_BODY = YES;
				CLANG_WARN_ENUM_CONVERSION = YES;
				CLANG_WARN_INFINITE_RECURSION = YES;
				CLANG_WARN_INT_CONVERSION = YES;
				CLANG_WARN_NON_LITERAL_NULL_CONVERSION = YES;
				CLANG_WARN_OBJC_IMPLICIT_RETAIN_SELF = YES;
				CLANG_WARN_OBJC_LITERAL_CONVERSION = YES;
				CLANG_WARN_OBJC_ROOT_CLASS = YES_ERROR;
				CLANG_WARN_RANGE_LOOP_ANALYSIS = YES;
				CLANG_WARN_STRICT_PROTOTYPES = YES;
				CLANG_WARN_SUSPICIOUS_MOVE = YES;
				CLANG_WARN_UNGUARDED_AVAILABILITY = YES_AGGRESSIVE;
				CLANG_WARN_UNREACHABLE_CODE = YES;
				CLANG_WARN__DUPLICATE_METHOD_MATCH = YES;
				COPY_PHASE_STRIP = NO;
				DEBUG_INFORMATION_FORMAT = dwarf;
				ENABLE_STRICT_OBJC_MSGSEND = YES;
				ENABLE_TESTABILITY = YES;
				GCC_C_LANGUAGE_STANDARD = gnu11;
				GCC_DYNAMIC_NO_PIC = NO;
				GCC_NO_COMMON_BLOCKS = YES;
				GCC_OPTIMIZATION_LEVEL = 0;
				GCC_PREPROCESSOR_DEFINITIONS = (
					"DEBUG=1",
					"$(inherited)",
				);
				GCC_WARN_64_TO_32_BIT_CONVERSION = YES;
				GCC_WARN_ABOUT_RETURN_TYPE = YES_ERROR;
				GCC_WARN_UNDECLARED_SELECTOR = YES;
				GCC_WARN_UNINITIALIZED_AUTOS = YES_AGGRESSIVE;
				GCC_WARN_UNUSED_FUNCTION = YES;
				GCC_WARN_UNUSED_VARIABLE = YES;
				IPHONEOS_DEPLOYMENT_TARGET = 13.2;
				MTL_ENABLE_DEBUG_INFO = INCLUDE_SOURCE;
				MTL_FAST_MATH = YES;
				ONLY_ACTIVE_ARCH = YES;
				SDKROOT = iphoneos;
			};
			name = Debug;
		};
		0426C38B246E75960090E1EC /* Release */ = {
			isa = XCBuildConfiguration;
			buildSettings = {
				ALWAYS_SEARCH_USER_PATHS = NO;
				CLANG_ANALYZER_NONNULL = YES;
				CLANG_ANALYZER_NUMBER_OBJECT_CONVERSION = YES_AGGRESSIVE;
				CLANG_CXX_LANGUAGE_STANDARD = "gnu++14";
				CLANG_CXX_LIBRARY = "libc++";
				CLANG_ENABLE_MODULES = YES;
				CLANG_ENABLE_OBJC_ARC = YES;
				CLANG_ENABLE_OBJC_WEAK = YES;
				CLANG_WARN_BLOCK_CAPTURE_AUTORELEASING = YES;
				CLANG_WARN_BOOL_CONVERSION = YES;
				CLANG_WARN_COMMA = YES;
				CLANG_WARN_CONSTANT_CONVERSION = YES;
				CLANG_WARN_DEPRECATED_OBJC_IMPLEMENTATIONS = YES;
				CLANG_WARN_DIRECT_OBJC_ISA_USAGE = YES_ERROR;
				CLANG_WARN_DOCUMENTATION_COMMENTS = YES;
				CLANG_WARN_EMPTY_BODY = YES;
				CLANG_WARN_ENUM_CONVERSION = YES;
				CLANG_WARN_INFINITE_RECURSION = YES;
				CLANG_WARN_INT_CONVERSION = YES;
				CLANG_WARN_NON_LITERAL_NULL_CONVERSION = YES;
				CLANG_WARN_OBJC_IMPLICIT_RETAIN_SELF = YES;
				CLANG_WARN_OBJC_LITERAL_CONVERSION = YES;
				CLANG_WARN_OBJC_ROOT_CLASS = YES_ERROR;
				CLANG_WARN_RANGE_LOOP_ANALYSIS = YES;
				CLANG_WARN_STRICT_PROTOTYPES = YES;
				CLANG_WARN_SUSPICIOUS_MOVE = YES;
				CLANG_WARN_UNGUARDED_AVAILABILITY = YES_AGGRESSIVE;
				CLANG_WARN_UNREACHABLE_CODE = YES;
				CLANG_WARN__DUPLICATE_METHOD_MATCH = YES;
				COPY_PHASE_STRIP = NO;
				DEBUG_INFORMATION_FORMAT = "dwarf-with-dsym";
				ENABLE_NS_ASSERTIONS = NO;
				ENABLE_STRICT_OBJC_MSGSEND = YES;
				GCC_C_LANGUAGE_STANDARD = gnu11;
				GCC_NO_COMMON_BLOCKS = YES;
				GCC_WARN_64_TO_32_BIT_CONVERSION = YES;
				GCC_WARN_ABOUT_RETURN_TYPE = YES_ERROR;
				GCC_WARN_UNDECLARED_SELECTOR = YES;
				GCC_WARN_UNINITIALIZED_AUTOS = YES_AGGRESSIVE;
				GCC_WARN_UNUSED_FUNCTION = YES;
				GCC_WARN_UNUSED_VARIABLE = YES;
				IPHONEOS_DEPLOYMENT_TARGET = 13.2;
				MTL_ENABLE_DEBUG_INFO = NO;
				MTL_FAST_MATH = YES;
				SDKROOT = iphoneos;
				VALIDATE_PRODUCT = YES;
			};
			name = Release;
		};
		0426C38D246E75960090E1EC /* Debug */ = {
			isa = XCBuildConfiguration;
			baseConfigurationReference = DC1389F5B59DBA5E9E182CFD /* Pods-Zalo-ChatBox.debug.xcconfig */;
			buildSettings = {
				ASSETCATALOG_COMPILER_APPICON_NAME = AppIcon;
				CODE_SIGN_STYLE = Automatic;
				DEVELOPMENT_TEAM = VC54UPHUD4;
				INFOPLIST_FILE = "Zalo-ChatBox/Info.plist";
				LD_RUNPATH_SEARCH_PATHS = (
					"$(inherited)",
					"@executable_path/Frameworks",
				);
				PRODUCT_BUNDLE_IDENTIFIER = "zalo.hieutdt.Zalo-ChatBox";
				PRODUCT_NAME = "$(TARGET_NAME)";
				TARGETED_DEVICE_FAMILY = "1,2";
			};
			name = Debug;
		};
		0426C38E246E75960090E1EC /* Release */ = {
			isa = XCBuildConfiguration;
			baseConfigurationReference = 7CDD3847A7E20073CB3BDCA8 /* Pods-Zalo-ChatBox.release.xcconfig */;
			buildSettings = {
				ASSETCATALOG_COMPILER_APPICON_NAME = AppIcon;
				CODE_SIGN_STYLE = Automatic;
				DEVELOPMENT_TEAM = VC54UPHUD4;
				INFOPLIST_FILE = "Zalo-ChatBox/Info.plist";
				LD_RUNPATH_SEARCH_PATHS = (
					"$(inherited)",
					"@executable_path/Frameworks",
				);
				PRODUCT_BUNDLE_IDENTIFIER = "zalo.hieutdt.Zalo-ChatBox";
				PRODUCT_NAME = "$(TARGET_NAME)";
				TARGETED_DEVICE_FAMILY = "1,2";
			};
			name = Release;
		};
		0426C390246E75960090E1EC /* Debug */ = {
			isa = XCBuildConfiguration;
			baseConfigurationReference = 688C625E3281BDC911161408 /* Pods-Zalo-ChatBoxTests.debug.xcconfig */;
			buildSettings = {
				BUNDLE_LOADER = "$(TEST_HOST)";
				CODE_SIGN_STYLE = Automatic;
				DEVELOPMENT_TEAM = VC54UPHUD4;
				INFOPLIST_FILE = "Zalo-ChatBoxTests/Info.plist";
				IPHONEOS_DEPLOYMENT_TARGET = 13.4;
				LD_RUNPATH_SEARCH_PATHS = (
					"$(inherited)",
					"@executable_path/Frameworks",
					"@loader_path/Frameworks",
				);
				PRODUCT_BUNDLE_IDENTIFIER = "zalo.hieutdt.Zalo-ChatBoxTests";
				PRODUCT_NAME = "$(TARGET_NAME)";
				TARGETED_DEVICE_FAMILY = "1,2";
				TEST_HOST = "$(BUILT_PRODUCTS_DIR)/Zalo-ChatBox.app/Zalo-ChatBox";
			};
			name = Debug;
		};
		0426C391246E75960090E1EC /* Release */ = {
			isa = XCBuildConfiguration;
			baseConfigurationReference = FCF39DD86210DC32BDF96B07 /* Pods-Zalo-ChatBoxTests.release.xcconfig */;
			buildSettings = {
				BUNDLE_LOADER = "$(TEST_HOST)";
				CODE_SIGN_STYLE = Automatic;
				DEVELOPMENT_TEAM = VC54UPHUD4;
				INFOPLIST_FILE = "Zalo-ChatBoxTests/Info.plist";
				IPHONEOS_DEPLOYMENT_TARGET = 13.4;
				LD_RUNPATH_SEARCH_PATHS = (
					"$(inherited)",
					"@executable_path/Frameworks",
					"@loader_path/Frameworks",
				);
				PRODUCT_BUNDLE_IDENTIFIER = "zalo.hieutdt.Zalo-ChatBoxTests";
				PRODUCT_NAME = "$(TARGET_NAME)";
				TARGETED_DEVICE_FAMILY = "1,2";
				TEST_HOST = "$(BUILT_PRODUCTS_DIR)/Zalo-ChatBox.app/Zalo-ChatBox";
			};
			name = Release;
		};
/* End XCBuildConfiguration section */

/* Begin XCConfigurationList section */
		0426C363246E75940090E1EC /* Build configuration list for PBXProject "Zalo-ChatBox" */ = {
			isa = XCConfigurationList;
			buildConfigurations = (
				0426C38A246E75960090E1EC /* Debug */,
				0426C38B246E75960090E1EC /* Release */,
			);
			defaultConfigurationIsVisible = 0;
			defaultConfigurationName = Release;
		};
		0426C38C246E75960090E1EC /* Build configuration list for PBXNativeTarget "Zalo-ChatBox" */ = {
			isa = XCConfigurationList;
			buildConfigurations = (
				0426C38D246E75960090E1EC /* Debug */,
				0426C38E246E75960090E1EC /* Release */,
			);
			defaultConfigurationIsVisible = 0;
			defaultConfigurationName = Release;
		};
		0426C38F246E75960090E1EC /* Build configuration list for PBXNativeTarget "Zalo-ChatBoxTests" */ = {
			isa = XCConfigurationList;
			buildConfigurations = (
				0426C390246E75960090E1EC /* Debug */,
				0426C391246E75960090E1EC /* Release */,
			);
			defaultConfigurationIsVisible = 0;
			defaultConfigurationName = Release;
		};
/* End XCConfigurationList section */
	};
	rootObject = 0426C360246E75940090E1EC /* Project object */;
}
